// !$*UTF8*$!
{
	archiveVersion = 1;
	classes = {
	};
	objectVersion = 55;
	objects = {

/* Begin PBXBuildFile section */
		68528BFD286048A3007BD9E8 /* LoaderView.swift in Sources */ = {isa = PBXBuildFile; fileRef = 68528BFC286048A3007BD9E8 /* LoaderView.swift */; };
		68B049D4284F21C5009830DC /* HowtaiBusApp.swift in Sources */ = {isa = PBXBuildFile; fileRef = 68B049D3284F21C5009830DC /* HowtaiBusApp.swift */; };
		68B049D6284F21C5009830DC /* ContentView.swift in Sources */ = {isa = PBXBuildFile; fileRef = 68B049D5284F21C5009830DC /* ContentView.swift */; };
		68B049D8284F21C6009830DC /* Assets.xcassets in Resources */ = {isa = PBXBuildFile; fileRef = 68B049D7284F21C6009830DC /* Assets.xcassets */; };
		68B049DB284F21C6009830DC /* Preview Assets.xcassets in Resources */ = {isa = PBXBuildFile; fileRef = 68B049DA284F21C6009830DC /* Preview Assets.xcassets */; };
		68B049E5284F21C6009830DC /* HowtaiBusTests.swift in Sources */ = {isa = PBXBuildFile; fileRef = 68B049E4284F21C6009830DC /* HowtaiBusTests.swift */; };
		68B049EF284F21C6009830DC /* HowtaiBusUITests.swift in Sources */ = {isa = PBXBuildFile; fileRef = 68B049EE284F21C6009830DC /* HowtaiBusUITests.swift */; };
		68B049F1284F21C6009830DC /* HowtaiBusUITestsLaunchTests.swift in Sources */ = {isa = PBXBuildFile; fileRef = 68B049F0284F21C6009830DC /* HowtaiBusUITestsLaunchTests.swift */; };
		68B049FE284F251F009830DC /* BusModel.swift in Sources */ = {isa = PBXBuildFile; fileRef = 68B049FD284F251F009830DC /* BusModel.swift */; };
		68B2072A285AD97900AF00A3 /* Loader.swift in Sources */ = {isa = PBXBuildFile; fileRef = 68B20729285AD97900AF00A3 /* Loader.swift */; };
		68DC54F7284F3D3E00C3E163 /* NetworkManager.swift in Sources */ = {isa = PBXBuildFile; fileRef = 68DC54F6284F3D3E00C3E163 /* NetworkManager.swift */; };
		68DC54FB284F54E900C3E163 /* BusCellView.swift in Sources */ = {isa = PBXBuildFile; fileRef = 68DC54FA284F54E900C3E163 /* BusCellView.swift */; };
/* End PBXBuildFile section */

/* Begin PBXContainerItemProxy section */
		68B049E1284F21C6009830DC /* PBXContainerItemProxy */ = {
			isa = PBXContainerItemProxy;
			containerPortal = 68B049C8284F21C5009830DC /* Project object */;
			proxyType = 1;
			remoteGlobalIDString = 68B049CF284F21C5009830DC;
			remoteInfo = HowtaiBus;
		};
		68B049EB284F21C6009830DC /* PBXContainerItemProxy */ = {
			isa = PBXContainerItemProxy;
			containerPortal = 68B049C8284F21C5009830DC /* Project object */;
			proxyType = 1;
			remoteGlobalIDString = 68B049CF284F21C5009830DC;
			remoteInfo = HowtaiBus;
		};
/* End PBXContainerItemProxy section */

/* Begin PBXFileReference section */
		68528BFC286048A3007BD9E8 /* LoaderView.swift */ = {isa = PBXFileReference; lastKnownFileType = sourcecode.swift; path = LoaderView.swift; sourceTree = "<group>"; };
		68B049D0284F21C5009830DC /* HowtaiBus.app */ = {isa = PBXFileReference; explicitFileType = wrapper.application; includeInIndex = 0; path = HowtaiBus.app; sourceTree = BUILT_PRODUCTS_DIR; };
		68B049D3284F21C5009830DC /* HowtaiBusApp.swift */ = {isa = PBXFileReference; lastKnownFileType = sourcecode.swift; path = HowtaiBusApp.swift; sourceTree = "<group>"; };
		68B049D5284F21C5009830DC /* ContentView.swift */ = {isa = PBXFileReference; lastKnownFileType = sourcecode.swift; path = ContentView.swift; sourceTree = "<group>"; };
		68B049D7284F21C6009830DC /* Assets.xcassets */ = {isa = PBXFileReference; lastKnownFileType = folder.assetcatalog; path = Assets.xcassets; sourceTree = "<group>"; };
		68B049DA284F21C6009830DC /* Preview Assets.xcassets */ = {isa = PBXFileReference; lastKnownFileType = folder.assetcatalog; path = "Preview Assets.xcassets"; sourceTree = "<group>"; };
		68B049E0284F21C6009830DC /* HowtaiBusTests.xctest */ = {isa = PBXFileReference; explicitFileType = wrapper.cfbundle; includeInIndex = 0; path = HowtaiBusTests.xctest; sourceTree = BUILT_PRODUCTS_DIR; };
		68B049E4284F21C6009830DC /* HowtaiBusTests.swift */ = {isa = PBXFileReference; lastKnownFileType = sourcecode.swift; path = HowtaiBusTests.swift; sourceTree = "<group>"; };
		68B049EA284F21C6009830DC /* HowtaiBusUITests.xctest */ = {isa = PBXFileReference; explicitFileType = wrapper.cfbundle; includeInIndex = 0; path = HowtaiBusUITests.xctest; sourceTree = BUILT_PRODUCTS_DIR; };
		68B049EE284F21C6009830DC /* HowtaiBusUITests.swift */ = {isa = PBXFileReference; lastKnownFileType = sourcecode.swift; path = HowtaiBusUITests.swift; sourceTree = "<group>"; };
		68B049F0284F21C6009830DC /* HowtaiBusUITestsLaunchTests.swift */ = {isa = PBXFileReference; lastKnownFileType = sourcecode.swift; path = HowtaiBusUITestsLaunchTests.swift; sourceTree = "<group>"; };
		68B049FD284F251F009830DC /* BusModel.swift */ = {isa = PBXFileReference; lastKnownFileType = sourcecode.swift; path = BusModel.swift; sourceTree = "<group>"; };
		68B20729285AD97900AF00A3 /* Loader.swift */ = {isa = PBXFileReference; lastKnownFileType = sourcecode.swift; path = Loader.swift; sourceTree = "<group>"; };
		68DC54F6284F3D3E00C3E163 /* NetworkManager.swift */ = {isa = PBXFileReference; lastKnownFileType = sourcecode.swift; path = NetworkManager.swift; sourceTree = "<group>"; };
		68DC54FA284F54E900C3E163 /* BusCellView.swift */ = {isa = PBXFileReference; lastKnownFileType = sourcecode.swift; path = BusCellView.swift; sourceTree = "<group>"; };
		68DC54FC285088D800C3E163 /* Info.plist */ = {isa = PBXFileReference; lastKnownFileType = text.plist; path = Info.plist; sourceTree = "<group>"; };
/* End PBXFileReference section */

/* Begin PBXFrameworksBuildPhase section */
		68B049CD284F21C5009830DC /* Frameworks */ = {
			isa = PBXFrameworksBuildPhase;
			buildActionMask = 2147483647;
			files = (
			);
			runOnlyForDeploymentPostprocessing = 0;
		};
		68B049DD284F21C6009830DC /* Frameworks */ = {
			isa = PBXFrameworksBuildPhase;
			buildActionMask = 2147483647;
			files = (
			);
			runOnlyForDeploymentPostprocessing = 0;
		};
		68B049E7284F21C6009830DC /* Frameworks */ = {
			isa = PBXFrameworksBuildPhase;
			buildActionMask = 2147483647;
			files = (
			);
			runOnlyForDeploymentPostprocessing = 0;
		};
/* End PBXFrameworksBuildPhase section */

/* Begin PBXGroup section */
		68B049C7284F21C5009830DC = {
			isa = PBXGroup;
			children = (
				68B049D2284F21C5009830DC /* HowtaiBus */,
				68B049E3284F21C6009830DC /* HowtaiBusTests */,
				68B049ED284F21C6009830DC /* HowtaiBusUITests */,
				68B049D1284F21C5009830DC /* Products */,
			);
			sourceTree = "<group>";
		};
		68B049D1284F21C5009830DC /* Products */ = {
			isa = PBXGroup;
			children = (
				68B049D0284F21C5009830DC /* HowtaiBus.app */,
				68B049E0284F21C6009830DC /* HowtaiBusTests.xctest */,
				68B049EA284F21C6009830DC /* HowtaiBusUITests.xctest */,
			);
			name = Products;
			sourceTree = "<group>";
		};
		68B049D2284F21C5009830DC /* HowtaiBus */ = {
			isa = PBXGroup;
			children = (
				68DC54FC285088D800C3E163 /* Info.plist */,
				68B049D3284F21C5009830DC /* HowtaiBusApp.swift */,
				68B049D5284F21C5009830DC /* ContentView.swift */,
				68B20729285AD97900AF00A3 /* Loader.swift */,
				68528BFC286048A3007BD9E8 /* LoaderView.swift */,
				68DC54FA284F54E900C3E163 /* BusCellView.swift */,
				68B049FD284F251F009830DC /* BusModel.swift */,
				68DC54F6284F3D3E00C3E163 /* NetworkManager.swift */,
				68B049D7284F21C6009830DC /* Assets.xcassets */,
				68B049D9284F21C6009830DC /* Preview Content */,
			);
			path = HowtaiBus;
			sourceTree = "<group>";
		};
		68B049D9284F21C6009830DC /* Preview Content */ = {
			isa = PBXGroup;
			children = (
				68B049DA284F21C6009830DC /* Preview Assets.xcassets */,
			);
			path = "Preview Content";
			sourceTree = "<group>";
		};
		68B049E3284F21C6009830DC /* HowtaiBusTests */ = {
			isa = PBXGroup;
			children = (
				68B049E4284F21C6009830DC /* HowtaiBusTests.swift */,
			);
			path = HowtaiBusTests;
			sourceTree = "<group>";
		};
		68B049ED284F21C6009830DC /* HowtaiBusUITests */ = {
			isa = PBXGroup;
			children = (
				68B049EE284F21C6009830DC /* HowtaiBusUITests.swift */,
				68B049F0284F21C6009830DC /* HowtaiBusUITestsLaunchTests.swift */,
			);
			path = HowtaiBusUITests;
			sourceTree = "<group>";
		};
/* End PBXGroup section */

/* Begin PBXNativeTarget section */
		68B049CF284F21C5009830DC /* HowtaiBus */ = {
			isa = PBXNativeTarget;
			buildConfigurationList = 68B049F4284F21C6009830DC /* Build configuration list for PBXNativeTarget "HowtaiBus" */;
			buildPhases = (
				68B049CC284F21C5009830DC /* Sources */,
				68B049CD284F21C5009830DC /* Frameworks */,
				68B049CE284F21C5009830DC /* Resources */,
			);
			buildRules = (
			);
			dependencies = (
			);
			name = HowtaiBus;
			productName = HowtaiBus;
			productReference = 68B049D0284F21C5009830DC /* HowtaiBus.app */;
			productType = "com.apple.product-type.application";
		};
		68B049DF284F21C6009830DC /* HowtaiBusTests */ = {
			isa = PBXNativeTarget;
			buildConfigurationList = 68B049F7284F21C6009830DC /* Build configuration list for PBXNativeTarget "HowtaiBusTests" */;
			buildPhases = (
				68B049DC284F21C6009830DC /* Sources */,
				68B049DD284F21C6009830DC /* Frameworks */,
				68B049DE284F21C6009830DC /* Resources */,
			);
			buildRules = (
			);
			dependencies = (
				68B049E2284F21C6009830DC /* PBXTargetDependency */,
			);
			name = HowtaiBusTests;
			productName = HowtaiBusTests;
			productReference = 68B049E0284F21C6009830DC /* HowtaiBusTests.xctest */;
			productType = "com.apple.product-type.bundle.unit-test";
		};
		68B049E9284F21C6009830DC /* HowtaiBusUITests */ = {
			isa = PBXNativeTarget;
			buildConfigurationList = 68B049FA284F21C6009830DC /* Build configuration list for PBXNativeTarget "HowtaiBusUITests" */;
			buildPhases = (
				68B049E6284F21C6009830DC /* Sources */,
				68B049E7284F21C6009830DC /* Frameworks */,
				68B049E8284F21C6009830DC /* Resources */,
			);
			buildRules = (
			);
			dependencies = (
				68B049EC284F21C6009830DC /* PBXTargetDependency */,
			);
			name = HowtaiBusUITests;
			productName = HowtaiBusUITests;
			productReference = 68B049EA284F21C6009830DC /* HowtaiBusUITests.xctest */;
			productType = "com.apple.product-type.bundle.ui-testing";
		};
/* End PBXNativeTarget section */

/* Begin PBXProject section */
		68B049C8284F21C5009830DC /* Project object */ = {
			isa = PBXProject;
			attributes = {
				BuildIndependentTargetsInParallel = 1;
				LastSwiftUpdateCheck = 1340;
				LastUpgradeCheck = 1340;
				TargetAttributes = {
					68B049CF284F21C5009830DC = {
						CreatedOnToolsVersion = 13.4.1;
					};
					68B049DF284F21C6009830DC = {
						CreatedOnToolsVersion = 13.4.1;
						TestTargetID = 68B049CF284F21C5009830DC;
					};
					68B049E9284F21C6009830DC = {
						CreatedOnToolsVersion = 13.4.1;
						TestTargetID = 68B049CF284F21C5009830DC;
					};
				};
			};
			buildConfigurationList = 68B049CB284F21C5009830DC /* Build configuration list for PBXProject "HowtaiBus" */;
			compatibilityVersion = "Xcode 13.0";
			developmentRegion = en;
			hasScannedForEncodings = 0;
			knownRegions = (
				en,
				Base,
			);
			mainGroup = 68B049C7284F21C5009830DC;
			productRefGroup = 68B049D1284F21C5009830DC /* Products */;
			projectDirPath = "";
			projectRoot = "";
			targets = (
				68B049CF284F21C5009830DC /* HowtaiBus */,
				68B049DF284F21C6009830DC /* HowtaiBusTests */,
				68B049E9284F21C6009830DC /* HowtaiBusUITests */,
			);
		};
/* End PBXProject section */

/* Begin PBXResourcesBuildPhase section */
		68B049CE284F21C5009830DC /* Resources */ = {
			isa = PBXResourcesBuildPhase;
			buildActionMask = 2147483647;
			files = (
				68B049DB284F21C6009830DC /* Preview Assets.xcassets in Resources */,
				68B049D8284F21C6009830DC /* Assets.xcassets in Resources */,
			);
			runOnlyForDeploymentPostprocessing = 0;
		};
		68B049DE284F21C6009830DC /* Resources */ = {
			isa = PBXResourcesBuildPhase;
			buildActionMask = 2147483647;
			files = (
			);
			runOnlyForDeploymentPostprocessing = 0;
		};
		68B049E8284F21C6009830DC /* Resources */ = {
			isa = PBXResourcesBuildPhase;
			buildActionMask = 2147483647;
			files = (
			);
			runOnlyForDeploymentPostprocessing = 0;
		};
/* End PBXResourcesBuildPhase section */

/* Begin PBXSourcesBuildPhase section */
		68B049CC284F21C5009830DC /* Sources */ = {
			isa = PBXSourcesBuildPhase;
			buildActionMask = 2147483647;
			files = (
				68DC54F7284F3D3E00C3E163 /* NetworkManager.swift in Sources */,
				68DC54FB284F54E900C3E163 /* BusCellView.swift in Sources */,
				68B2072A285AD97900AF00A3 /* Loader.swift in Sources */,
				68528BFD286048A3007BD9E8 /* LoaderView.swift in Sources */,
				68B049FE284F251F009830DC /* BusModel.swift in Sources */,
				68B049D6284F21C5009830DC /* ContentView.swift in Sources */,
				68B049D4284F21C5009830DC /* HowtaiBusApp.swift in Sources */,
			);
			runOnlyForDeploymentPostprocessing = 0;
		};
		68B049DC284F21C6009830DC /* Sources */ = {
			isa = PBXSourcesBuildPhase;
			buildActionMask = 2147483647;
			files = (
				68B049E5284F21C6009830DC /* HowtaiBusTests.swift in Sources */,
			);
			runOnlyForDeploymentPostprocessing = 0;
		};
		68B049E6284F21C6009830DC /* Sources */ = {
			isa = PBXSourcesBuildPhase;
			buildActionMask = 2147483647;
			files = (
				68B049EF284F21C6009830DC /* HowtaiBusUITests.swift in Sources */,
				68B049F1284F21C6009830DC /* HowtaiBusUITestsLaunchTests.swift in Sources */,
			);
			runOnlyForDeploymentPostprocessing = 0;
		};
/* End PBXSourcesBuildPhase section */

/* Begin PBXTargetDependency section */
		68B049E2284F21C6009830DC /* PBXTargetDependency */ = {
			isa = PBXTargetDependency;
			target = 68B049CF284F21C5009830DC /* HowtaiBus */;
			targetProxy = 68B049E1284F21C6009830DC /* PBXContainerItemProxy */;
		};
		68B049EC284F21C6009830DC /* PBXTargetDependency */ = {
			isa = PBXTargetDependency;
			target = 68B049CF284F21C5009830DC /* HowtaiBus */;
			targetProxy = 68B049EB284F21C6009830DC /* PBXContainerItemProxy */;
		};
/* End PBXTargetDependency section */

/* Begin XCBuildConfiguration section */
		68B049F2284F21C6009830DC /* Debug */ = {
			isa = XCBuildConfiguration;
			buildSettings = {
				ALWAYS_SEARCH_USER_PATHS = NO;
				CLANG_ANALYZER_NONNULL = YES;
				CLANG_ANALYZER_NUMBER_OBJECT_CONVERSION = YES_AGGRESSIVE;
				CLANG_CXX_LANGUAGE_STANDARD = "gnu++17";
				CLANG_ENABLE_MODULES = YES;
				CLANG_ENABLE_OBJC_ARC = YES;
				CLANG_ENABLE_OBJC_WEAK = YES;
				CLANG_WARN_BLOCK_CAPTURE_AUTORELEASING = YES;
				CLANG_WARN_BOOL_CONVERSION = YES;
				CLANG_WARN_COMMA = YES;
				CLANG_WARN_CONSTANT_CONVERSION = YES;
				CLANG_WARN_DEPRECATED_OBJC_IMPLEMENTATIONS = YES;
				CLANG_WARN_DIRECT_OBJC_ISA_USAGE = YES_ERROR;
				CLANG_WARN_DOCUMENTATION_COMMENTS = YES;
				CLANG_WARN_EMPTY_BODY = YES;
				CLANG_WARN_ENUM_CONVERSION = YES;
				CLANG_WARN_INFINITE_RECURSION = YES;
				CLANG_WARN_INT_CONVERSION = YES;
				CLANG_WARN_NON_LITERAL_NULL_CONVERSION = YES;
				CLANG_WARN_OBJC_IMPLICIT_RETAIN_SELF = YES;
				CLANG_WARN_OBJC_LITERAL_CONVERSION = YES;
				CLANG_WARN_OBJC_ROOT_CLASS = YES_ERROR;
				CLANG_WARN_QUOTED_INCLUDE_IN_FRAMEWORK_HEADER = YES;
				CLANG_WARN_RANGE_LOOP_ANALYSIS = YES;
				CLANG_WARN_STRICT_PROTOTYPES = YES;
				CLANG_WARN_SUSPICIOUS_MOVE = YES;
				CLANG_WARN_UNGUARDED_AVAILABILITY = YES_AGGRESSIVE;
				CLANG_WARN_UNREACHABLE_CODE = YES;
				CLANG_WARN__DUPLICATE_METHOD_MATCH = YES;
				COPY_PHASE_STRIP = NO;
				DEBUG_INFORMATION_FORMAT = dwarf;
				ENABLE_STRICT_OBJC_MSGSEND = YES;
				ENABLE_TESTABILITY = YES;
				GCC_C_LANGUAGE_STANDARD = gnu11;
				GCC_DYNAMIC_NO_PIC = NO;
				GCC_NO_COMMON_BLOCKS = YES;
				GCC_OPTIMIZATION_LEVEL = 0;
				GCC_PREPROCESSOR_DEFINITIONS = (
					"DEBUG=1",
					"$(inherited)",
				);
				GCC_WARN_64_TO_32_BIT_CONVERSION = YES;
				GCC_WARN_ABOUT_RETURN_TYPE = YES_ERROR;
				GCC_WARN_UNDECLARED_SELECTOR = YES;
				GCC_WARN_UNINITIALIZED_AUTOS = YES_AGGRESSIVE;
				GCC_WARN_UNUSED_FUNCTION = YES;
				GCC_WARN_UNUSED_VARIABLE = YES;
				IPHONEOS_DEPLOYMENT_TARGET = 15.5;
				MTL_ENABLE_DEBUG_INFO = INCLUDE_SOURCE;
				MTL_FAST_MATH = YES;
				ONLY_ACTIVE_ARCH = YES;
				SDKROOT = iphoneos;
				SWIFT_ACTIVE_COMPILATION_CONDITIONS = DEBUG;
				SWIFT_OPTIMIZATION_LEVEL = "-Onone";
			};
			name = Debug;
		};
		68B049F3284F21C6009830DC /* Release */ = {
			isa = XCBuildConfiguration;
			buildSettings = {
				ALWAYS_SEARCH_USER_PATHS = NO;
				CLANG_ANALYZER_NONNULL = YES;
				CLANG_ANALYZER_NUMBER_OBJECT_CONVERSION = YES_AGGRESSIVE;
				CLANG_CXX_LANGUAGE_STANDARD = "gnu++17";
				CLANG_ENABLE_MODULES = YES;
				CLANG_ENABLE_OBJC_ARC = YES;
				CLANG_ENABLE_OBJC_WEAK = YES;
				CLANG_WARN_BLOCK_CAPTURE_AUTORELEASING = YES;
				CLANG_WARN_BOOL_CONVERSION = YES;
				CLANG_WARN_COMMA = YES;
				CLANG_WARN_CONSTANT_CONVERSION = YES;
				CLANG_WARN_DEPRECATED_OBJC_IMPLEMENTATIONS = YES;
				CLANG_WARN_DIRECT_OBJC_ISA_USAGE = YES_ERROR;
				CLANG_WARN_DOCUMENTATION_COMMENTS = YES;
				CLANG_WARN_EMPTY_BODY = YES;
				CLANG_WARN_ENUM_CONVERSION = YES;
				CLANG_WARN_INFINITE_RECURSION = YES;
				CLANG_WARN_INT_CONVERSION = YES;
				CLANG_WARN_NON_LITERAL_NULL_CONVERSION = YES;
				CLANG_WARN_OBJC_IMPLICIT_RETAIN_SELF = YES;
				CLANG_WARN_OBJC_LITERAL_CONVERSION = YES;
				CLANG_WARN_OBJC_ROOT_CLASS = YES_ERROR;
				CLANG_WARN_QUOTED_INCLUDE_IN_FRAMEWORK_HEADER = YES;
				CLANG_WARN_RANGE_LOOP_ANALYSIS = YES;
				CLANG_WARN_STRICT_PROTOTYPES = YES;
				CLANG_WARN_SUSPICIOUS_MOVE = YES;
				CLANG_WARN_UNGUARDED_AVAILABILITY = YES_AGGRESSIVE;
				CLANG_WARN_UNREACHABLE_CODE = YES;
				CLANG_WARN__DUPLICATE_METHOD_MATCH = YES;
				COPY_PHASE_STRIP = NO;
				DEBUG_INFORMATION_FORMAT = "dwarf-with-dsym";
				ENABLE_NS_ASSERTIONS = NO;
				ENABLE_STRICT_OBJC_MSGSEND = YES;
				GCC_C_LANGUAGE_STANDARD = gnu11;
				GCC_NO_COMMON_BLOCKS = YES;
				GCC_WARN_64_TO_32_BIT_CONVERSION = YES;
				GCC_WARN_ABOUT_RETURN_TYPE = YES_ERROR;
				GCC_WARN_UNDECLARED_SELECTOR = YES;
				GCC_WARN_UNINITIALIZED_AUTOS = YES_AGGRESSIVE;
				GCC_WARN_UNUSED_FUNCTION = YES;
				GCC_WARN_UNUSED_VARIABLE = YES;
				IPHONEOS_DEPLOYMENT_TARGET = 15.5;
				MTL_ENABLE_DEBUG_INFO = NO;
				MTL_FAST_MATH = YES;
				SDKROOT = iphoneos;
				SWIFT_COMPILATION_MODE = wholemodule;
				SWIFT_OPTIMIZATION_LEVEL = "-O";
				VALIDATE_PRODUCT = YES;
			};
			name = Release;
		};
		68B049F5284F21C6009830DC /* Debug */ = {
			isa = XCBuildConfiguration;
			buildSettings = {
				ASSETCATALOG_COMPILER_APPICON_NAME = AppIcon;
				ASSETCATALOG_COMPILER_GLOBAL_ACCENT_COLOR_NAME = AccentColor;
				CODE_SIGN_STYLE = Automatic;
				CURRENT_PROJECT_VERSION = 1;
				DEVELOPMENT_ASSET_PATHS = "\"HowtaiBus/Preview Content\"";
				DEVELOPMENT_TEAM = 8G52W4UACZ;
				ENABLE_PREVIEWS = YES;
				GENERATE_INFOPLIST_FILE = YES;
				INFOPLIST_FILE = HowtaiBus/Info.plist;
				INFOPLIST_KEY_UIApplicationSceneManifest_Generation = YES;
				INFOPLIST_KEY_UIApplicationSupportsIndirectInputEvents = YES;
				INFOPLIST_KEY_UILaunchScreen_Generation = YES;
				INFOPLIST_KEY_UISupportedInterfaceOrientations_iPad = "UIInterfaceOrientationPortrait UIInterfaceOrientationPortraitUpsideDown UIInterfaceOrientationLandscapeLeft UIInterfaceOrientationLandscapeRight";
				INFOPLIST_KEY_UISupportedInterfaceOrientations_iPhone = "UIInterfaceOrientationPortrait UIInterfaceOrientationLandscapeLeft UIInterfaceOrientationLandscapeRight";
				IPHONEOS_DEPLOYMENT_TARGET = 15.0;
				LD_RUNPATH_SEARCH_PATHS = (
					"$(inherited)",
					"@executable_path/Frameworks",
				);
				MARKETING_VERSION = 1.0;
				PRODUCT_BUNDLE_IDENTIFIER = com.tingkun.HowtaiBus;
				PRODUCT_NAME = "$(TARGET_NAME)";
				SWIFT_EMIT_LOC_STRINGS = YES;
				SWIFT_VERSION = 5.0;
				TARGETED_DEVICE_FAMILY = "1,2";
			};
			name = Debug;
		};
		68B049F6284F21C6009830DC /* Release */ = {
			isa = XCBuildConfiguration;
			buildSettings = {
				ASSETCATALOG_COMPILER_APPICON_NAME = AppIcon;
				ASSETCATALOG_COMPILER_GLOBAL_ACCENT_COLOR_NAME = AccentColor;
				CODE_SIGN_STYLE = Automatic;
				CURRENT_PROJECT_VERSION = 1;
				DEVELOPMENT_ASSET_PATHS = "\"HowtaiBus/Preview Content\"";
				DEVELOPMENT_TEAM = 8G52W4UACZ;
				ENABLE_PREVIEWS = YES;
				GENERATE_INFOPLIST_FILE = YES;
				INFOPLIST_FILE = HowtaiBus/Info.plist;
				INFOPLIST_KEY_UIApplicationSceneManifest_Generation = YES;
				INFOPLIST_KEY_UIApplicationSupportsIndirectInputEvents = YES;
				INFOPLIST_KEY_UILaunchScreen_Generation = YES;
				INFOPLIST_KEY_UISupportedInterfaceOrientations_iPad = "UIInterfaceOrientationPortrait UIInterfaceOrientationPortraitUpsideDown UIInterfaceOrientationLandscapeLeft UIInterfaceOrientationLandscapeRight";
				INFOPLIST_KEY_UISupportedInterfaceOrientations_iPhone = "UIInterfaceOrientationPortrait UIInterfaceOrientationLandscapeLeft UIInterfaceOrientationLandscapeRight";
				IPHONEOS_DEPLOYMENT_TARGET = 15.0;
				LD_RUNPATH_SEARCH_PATHS = (
					"$(inherited)",
					"@executable_path/Frameworks",
				);
				MARKETING_VERSION = 1.0;
				PRODUCT_BUNDLE_IDENTIFIER = com.tingkun.HowtaiBus;
				PRODUCT_NAME = "$(TARGET_NAME)";
				SWIFT_EMIT_LOC_STRINGS = YES;
				SWIFT_VERSION = 5.0;
				TARGETED_DEVICE_FAMILY = "1,2";
			};
			name = Release;
		};
		68B049F8284F21C6009830DC /* Debug */ = {
			isa = XCBuildConfiguration;
			buildSettings = {
				ALWAYS_EMBED_SWIFT_STANDARD_LIBRARIES = YES;
				BUNDLE_LOADER = "$(TEST_HOST)";
				CODE_SIGN_STYLE = Automatic;
				CURRENT_PROJECT_VERSION = 1;
				DEVELOPMENT_TEAM = 8G52W4UACZ;
				GENERATE_INFOPLIST_FILE = YES;
				IPHONEOS_DEPLOYMENT_TARGET = 15.5;
				MARKETING_VERSION = 1.0;
				PRODUCT_BUNDLE_IDENTIFIER = com.tingkun.HowtaiBusTests;
				PRODUCT_NAME = "$(TARGET_NAME)";
				SWIFT_EMIT_LOC_STRINGS = NO;
				SWIFT_VERSION = 5.0;
				TARGETED_DEVICE_FAMILY = "1,2";
				TEST_HOST = "$(BUILT_PRODUCTS_DIR)/HowtaiBus.app/HowtaiBus";
			};
			name = Debug;
		};
		68B049F9284F21C6009830DC /* Release */ = {
			isa = XCBuildConfiguration;
			buildSettings = {
				ALWAYS_EMBED_SWIFT_STANDARD_LIBRARIES = YES;
				BUNDLE_LOADER = "$(TEST_HOST)";
				CODE_SIGN_STYLE = Automatic;
				CURRENT_PROJECT_VERSION = 1;
				DEVELOPMENT_TEAM = 8G52W4UACZ;
				GENERATE_INFOPLIST_FILE = YES;
				IPHONEOS_DEPLOYMENT_TARGET = 15.5;
				MARKETING_VERSION = 1.0;
				PRODUCT_BUNDLE_IDENTIFIER = com.tingkun.HowtaiBusTests;
				PRODUCT_NAME = "$(TARGET_NAME)";
				SWIFT_EMIT_LOC_STRINGS = NO;
				SWIFT_VERSION = 5.0;
				TARGETED_DEVICE_FAMILY = "1,2";
				TEST_HOST = "$(BUILT_PRODUCTS_DIR)/HowtaiBus.app/HowtaiBus";
			};
			name = Release;
		};
		68B049FB284F21C6009830DC /* Debug */ = {
			isa = XCBuildConfiguration;
			buildSettings = {
				ALWAYS_EMBED_SWIFT_STANDARD_LIBRARIES = YES;
				CODE_SIGN_STYLE = Automatic;
				CURRENT_PROJECT_VERSION = 1;
				DEVELOPMENT_TEAM = 8G52W4UACZ;
				GENERATE_INFOPLIST_FILE = YES;
				MARKETING_VERSION = 1.0;
				PRODUCT_BUNDLE_IDENTIFIER = com.tingkun.HowtaiBusUITests;
				PRODUCT_NAME = "$(TARGET_NAME)";
				SWIFT_EMIT_LOC_STRINGS = NO;
				SWIFT_VERSION = 5.0;
				TARGETED_DEVICE_FAMILY = "1,2";
				TEST_TARGET_NAME = HowtaiBus;
			};
			name = Debug;
		};
		68B049FC284F21C6009830DC /* Release */ = {
			isa = XCBuildConfiguration;
			buildSettings = {
				ALWAYS_EMBED_SWIFT_STANDARD_LIBRARIES = YES;
				CODE_SIGN_STYLE = Automatic;
				CURRENT_PROJECT_VERSION = 1;
				DEVELOPMENT_TEAM = 8G52W4UACZ;
				GENERATE_INFOPLIST_FILE = YES;
				MARKETING_VERSION = 1.0;
				PRODUCT_BUNDLE_IDENTIFIER = com.tingkun.HowtaiBusUITests;
				PRODUCT_NAME = "$(TARGET_NAME)";
				SWIFT_EMIT_LOC_STRINGS = NO;
				SWIFT_VERSION = 5.0;
				TARGETED_DEVICE_FAMILY = "1,2";
				TEST_TARGET_NAME = HowtaiBus;
			};
			name = Release;
		};
/* End XCBuildConfiguration section */

/* Begin XCConfigurationList section */
		68B049CB284F21C5009830DC /* Build configuration list for PBXProject "HowtaiBus" */ = {
			isa = XCConfigurationList;
			buildConfigurations = (
				68B049F2284F21C6009830DC /* Debug */,
				68B049F3284F21C6009830DC /* Release */,
			);
			defaultConfigurationIsVisible = 0;
			defaultConfigurationName = Release;
		};
		68B049F4284F21C6009830DC /* Build configuration list for PBXNativeTarget "HowtaiBus" */ = {
			isa = XCConfigurationList;
			buildConfigurations = (
				68B049F5284F21C6009830DC /* Debug */,
				68B049F6284F21C6009830DC /* Release */,
			);
			defaultConfigurationIsVisible = 0;
			defaultConfigurationName = Release;
		};
		68B049F7284F21C6009830DC /* Build configuration list for PBXNativeTarget "HowtaiBusTests" */ = {
			isa = XCConfigurationList;
			buildConfigurations = (
				68B049F8284F21C6009830DC /* Debug */,
				68B049F9284F21C6009830DC /* Release */,
			);
			defaultConfigurationIsVisible = 0;
			defaultConfigurationName = Release;
		};
		68B049FA284F21C6009830DC /* Build configuration list for PBXNativeTarget "HowtaiBusUITests" */ = {
			isa = XCConfigurationList;
			buildConfigurations = (
				68B049FB284F21C6009830DC /* Debug */,
				68B049FC284F21C6009830DC /* Release */,
			);
			defaultConfigurationIsVisible = 0;
			defaultConfigurationName = Release;
		};
/* End XCConfigurationList section */
	};
	rootObject = 68B049C8284F21C5009830DC /* Project object */;
}
